{
  "requires": true,
  "lockfileVersion": 1,
  "dependencies": {
    "vue-loading-overlay": {
      "version": "5.0.1",
      "resolved": "https://registry.npmjs.org/vue-loading-overlay/-/vue-loading-overlay-5.0.1.tgz",
      "integrity": "sha512-usMt6bhcNxIRCIxyU86loKTZVKRui9KfwUWJQzJ2OOHe7fg1/eMEU4Fo7uXz4howrJ/WqMdjnxulkRayCG/BiQ=="
    }
  }
}
