{
  "requires": true,
  "lockfileVersion": 1,
  "dependencies": {
    "vee-validate": {
      "version": "3.4.14",
      "resolved": "https://registry.npmjs.org/vee-validate/-/vee-validate-3.4.14.tgz",
      "integrity": "sha512-Hqqic8G9WcRSIzCxiCPqMZv4qB8JE1lIQqIOLDm2K5BXUiL8d4a2+kqkanv8gQSGDzYpnCQZ7BO/T99Aj05T1Q=="
    }
  }
}
